
Microsoft Visual Studio Solution File, Format Version 12.00
# Visual Studio 14
VisualStudioVersion = 14.0.24720.0
MinimumVisualStudioVersion = 10.0.40219.1
Project("{FAE04EC0-301F-11D3-BF4B-00C04F79EFBC}") = "TranslateTray", "TranslateTray\TranslateTray.csproj", "{145317E7-A79D-40B6-915D-FC6C48F6FD16}"
EndProject
Project("{FAE04EC0-301F-11D3-BF4B-00C04F79EFBC}") = "TranslateTray.Core", "TranslateTray.Core\TranslateTray.Core.csproj", "{F32380C6-E705-4B3C-B8EE-34C50049E85C}"
EndProject
Project("{FAE04EC0-301F-11D3-BF4B-00C04F79EFBC}") = "TranslateTray.Core.Tests", "TranslateTray.Core.Tests\TranslateTray.Core.Tests.csproj", "{BD71396F-F5BA-4E4C-9424-989308EBB857}"
EndProject
Global
	GlobalSection(SolutionConfigurationPlatforms) = preSolution
		Debug|Any CPU = Debug|Any CPU
		Release|Any CPU = Release|Any CPU
	EndGlobalSection
	GlobalSection(ProjectConfigurationPlatforms) = postSolution
		{145317E7-A79D-40B6-915D-FC6C48F6FD16}.Debug|Any CPU.ActiveCfg = Debug|Any CPU
		{145317E7-A79D-40B6-915D-FC6C48F6FD16}.Debug|Any CPU.Build.0 = Debug|Any CPU
		{145317E7-A79D-40B6-915D-FC6C48F6FD16}.Release|Any CPU.ActiveCfg = Release|Any CPU
		{145317E7-A79D-40B6-915D-FC6C48F6FD16}.Release|Any CPU.Build.0 = Release|Any CPU
		{F32380C6-E705-4B3C-B8EE-34C50049E85C}.Debug|Any CPU.ActiveCfg = Debug|Any CPU
		{F32380C6-E705-4B3C-B8EE-34C50049E85C}.Debug|Any CPU.Build.0 = Debug|Any CPU
		{F32380C6-E705-4B3C-B8EE-34C50049E85C}.Release|Any CPU.ActiveCfg = Release|Any CPU
		{F32380C6-E705-4B3C-B8EE-34C50049E85C}.Release|Any CPU.Build.0 = Release|Any CPU
		{BD71396F-F5BA-4E4C-9424-989308EBB857}.Debug|Any CPU.ActiveCfg = Debug|Any CPU
		{BD71396F-F5BA-4E4C-9424-989308EBB857}.Debug|Any CPU.Build.0 = Debug|Any CPU
		{BD71396F-F5BA-4E4C-9424-989308EBB857}.Release|Any CPU.ActiveCfg = Release|Any CPU
		{BD71396F-F5BA-4E4C-9424-989308EBB857}.Release|Any CPU.Build.0 = Release|Any CPU
	EndGlobalSection
	GlobalSection(SolutionProperties) = preSolution
		HideSolutionNode = FALSE
	EndGlobalSection
EndGlobal
